
Microsoft Visual Studio Solution File, Format Version 12.00
# Visual Studio 15
VisualStudioVersion = 15.0.26228.4
MinimumVisualStudioVersion = 10.0.40219.1
Project("{FAE04EC0-301F-11D3-BF4B-00C04F79EFBC}") = "Ch11_CryptographyLib", "Ch11_CryptographyLib\Ch11_CryptographyLib.csproj", "{7159B201-009D-4355-AE7D-9EC864D6D3D3}"
EndProject
Project("{FAE04EC0-301F-11D3-BF4B-00C04F79EFBC}") = "Ch11_EncryptionApp", "Ch11_EncryptionApp\Ch11_EncryptionApp.csproj", "{3B8F9EF9-AEED-4C2A-98CA-E90DA61AE847}"
EndProject
Project("{FAE04EC0-301F-11D3-BF4B-00C04F79EFBC}") = "Ch11_HashingApp", "Ch11_HashingApp\Ch11_HashingApp.csproj", "{7482F8CE-FF4D-4AB3-8752-6A3C6E288A5F}"
EndProject
Project("{FAE04EC0-301F-11D3-BF4B-00C04F79EFBC}") = "Ch11_SigningApp", "Ch11_SigningApp\Ch11_SigningApp.csproj", "{2DF46FA9-272E-449B-B8C9-1F346670F9E8}"
EndProject
Global
	GlobalSection(SolutionConfigurationPlatforms) = preSolution
		Debug|Any CPU = Debug|Any CPU
		Release|Any CPU = Release|Any CPU
	EndGlobalSection
	GlobalSection(ProjectConfigurationPlatforms) = postSolution
		{7159B201-009D-4355-AE7D-9EC864D6D3D3}.Debug|Any CPU.ActiveCfg = Debug|Any CPU
		{7159B201-009D-4355-AE7D-9EC864D6D3D3}.Debug|Any CPU.Build.0 = Debug|Any CPU
		{7159B201-009D-4355-AE7D-9EC864D6D3D3}.Release|Any CPU.ActiveCfg = Release|Any CPU
		{7159B201-009D-4355-AE7D-9EC864D6D3D3}.Release|Any CPU.Build.0 = Release|Any CPU
		{3B8F9EF9-AEED-4C2A-98CA-E90DA61AE847}.Debug|Any CPU.ActiveCfg = Debug|Any CPU
		{3B8F9EF9-AEED-4C2A-98CA-E90DA61AE847}.Debug|Any CPU.Build.0 = Debug|Any CPU
		{3B8F9EF9-AEED-4C2A-98CA-E90DA61AE847}.Release|Any CPU.ActiveCfg = Release|Any CPU
		{3B8F9EF9-AEED-4C2A-98CA-E90DA61AE847}.Release|Any CPU.Build.0 = Release|Any CPU
		{7482F8CE-FF4D-4AB3-8752-6A3C6E288A5F}.Debug|Any CPU.ActiveCfg = Debug|Any CPU
		{7482F8CE-FF4D-4AB3-8752-6A3C6E288A5F}.Debug|Any CPU.Build.0 = Debug|Any CPU
		{7482F8CE-FF4D-4AB3-8752-6A3C6E288A5F}.Release|Any CPU.ActiveCfg = Release|Any CPU
		{7482F8CE-FF4D-4AB3-8752-6A3C6E288A5F}.Release|Any CPU.Build.0 = Release|Any CPU
		{2DF46FA9-272E-449B-B8C9-1F346670F9E8}.Debug|Any CPU.ActiveCfg = Debug|Any CPU
		{2DF46FA9-272E-449B-B8C9-1F346670F9E8}.Debug|Any CPU.Build.0 = Debug|Any CPU
		{2DF46FA9-272E-449B-B8C9-1F346670F9E8}.Release|Any CPU.ActiveCfg = Release|Any CPU
		{2DF46FA9-272E-449B-B8C9-1F346670F9E8}.Release|Any CPU.Build.0 = Release|Any CPU
	EndGlobalSection
	GlobalSection(SolutionProperties) = preSolution
		HideSolutionNode = FALSE
	EndGlobalSection
EndGlobal
