
Microsoft Visual Studio Solution File, Format Version 12.00
# Visual Studio 15
VisualStudioVersion = 15.0.25920.0
MinimumVisualStudioVersion = 10.0.40219.1
Project("{FAE04EC0-301F-11D3-BF4B-00C04F79EFBC}") = "Ch06_PacktLibrary", "Ch06_PacktLibrary\Ch06_PacktLibrary.csproj", "{19AF64D3-CF0D-433A-9DAF-05F506E898B0}"
EndProject
Project("{FAE04EC0-301F-11D3-BF4B-00C04F79EFBC}") = "Ch06_PeopleApp", "Ch06_PeopleApp\Ch06_PeopleApp.csproj", "{192AF32A-0EE5-454F-AAAB-B9C455E63083}"
EndProject
Global
	GlobalSection(SolutionConfigurationPlatforms) = preSolution
		Debug|Any CPU = Debug|Any CPU
		Release|Any CPU = Release|Any CPU
	EndGlobalSection
	GlobalSection(ProjectConfigurationPlatforms) = postSolution
		{19AF64D3-CF0D-433A-9DAF-05F506E898B0}.Debug|Any CPU.ActiveCfg = Debug|Any CPU
		{19AF64D3-CF0D-433A-9DAF-05F506E898B0}.Debug|Any CPU.Build.0 = Debug|Any CPU
		{19AF64D3-CF0D-433A-9DAF-05F506E898B0}.Release|Any CPU.ActiveCfg = Release|Any CPU
		{19AF64D3-CF0D-433A-9DAF-05F506E898B0}.Release|Any CPU.Build.0 = Release|Any CPU
		{192AF32A-0EE5-454F-AAAB-B9C455E63083}.Debug|Any CPU.ActiveCfg = Debug|Any CPU
		{192AF32A-0EE5-454F-AAAB-B9C455E63083}.Debug|Any CPU.Build.0 = Debug|Any CPU
		{192AF32A-0EE5-454F-AAAB-B9C455E63083}.Release|Any CPU.ActiveCfg = Release|Any CPU
		{192AF32A-0EE5-454F-AAAB-B9C455E63083}.Release|Any CPU.Build.0 = Release|Any CPU
	EndGlobalSection
	GlobalSection(SolutionProperties) = preSolution
		HideSolutionNode = FALSE
	EndGlobalSection
EndGlobal
