
Microsoft Visual Studio Solution File, Format Version 12.00
# Visual Studio 15
VisualStudioVersion = 15.0.26228.4
MinimumVisualStudioVersion = 10.0.40219.1
Project("{FAE04EC0-301F-11D3-BF4B-00C04F79EFBC}") = "Ch12_Tasks", "Ch12_Tasks\Ch12_Tasks.csproj", "{9EBDE3EB-A8B7-4DC1-83A8-319F5387C4F4}"
EndProject
Project("{FAE04EC0-301F-11D3-BF4B-00C04F79EFBC}") = "Ch12_NestedAndChildTasks", "Ch12_NestedAndChildTasks\Ch12_NestedAndChildTasks.csproj", "{D18F1F65-4BE9-4767-BADE-6308DDF1A9FE}"
EndProject
Project("{FAE04EC0-301F-11D3-BF4B-00C04F79EFBC}") = "Ch12_LockAndMonitor", "Ch12_LockAndMonitor\Ch12_LockAndMonitor.csproj", "{0167AA4B-96D7-494C-9A66-85600AFDFE92}"
EndProject
Project("{FAE04EC0-301F-11D3-BF4B-00C04F79EFBC}") = "Ch12_GUITasks", "Ch12_GUITasks\Ch12_GUITasks.csproj", "{42A3F56D-31E8-46F0-AE43-49B2EC12DFC7}"
EndProject
Global
	GlobalSection(SolutionConfigurationPlatforms) = preSolution
		Debug|Any CPU = Debug|Any CPU
		Release|Any CPU = Release|Any CPU
	EndGlobalSection
	GlobalSection(ProjectConfigurationPlatforms) = postSolution
		{9EBDE3EB-A8B7-4DC1-83A8-319F5387C4F4}.Debug|Any CPU.ActiveCfg = Debug|Any CPU
		{9EBDE3EB-A8B7-4DC1-83A8-319F5387C4F4}.Debug|Any CPU.Build.0 = Debug|Any CPU
		{9EBDE3EB-A8B7-4DC1-83A8-319F5387C4F4}.Release|Any CPU.ActiveCfg = Release|Any CPU
		{9EBDE3EB-A8B7-4DC1-83A8-319F5387C4F4}.Release|Any CPU.Build.0 = Release|Any CPU
		{D18F1F65-4BE9-4767-BADE-6308DDF1A9FE}.Debug|Any CPU.ActiveCfg = Debug|Any CPU
		{D18F1F65-4BE9-4767-BADE-6308DDF1A9FE}.Debug|Any CPU.Build.0 = Debug|Any CPU
		{D18F1F65-4BE9-4767-BADE-6308DDF1A9FE}.Release|Any CPU.ActiveCfg = Release|Any CPU
		{D18F1F65-4BE9-4767-BADE-6308DDF1A9FE}.Release|Any CPU.Build.0 = Release|Any CPU
		{0167AA4B-96D7-494C-9A66-85600AFDFE92}.Debug|Any CPU.ActiveCfg = Debug|Any CPU
		{0167AA4B-96D7-494C-9A66-85600AFDFE92}.Debug|Any CPU.Build.0 = Debug|Any CPU
		{0167AA4B-96D7-494C-9A66-85600AFDFE92}.Release|Any CPU.ActiveCfg = Release|Any CPU
		{0167AA4B-96D7-494C-9A66-85600AFDFE92}.Release|Any CPU.Build.0 = Release|Any CPU
		{42A3F56D-31E8-46F0-AE43-49B2EC12DFC7}.Debug|Any CPU.ActiveCfg = Debug|Any CPU
		{42A3F56D-31E8-46F0-AE43-49B2EC12DFC7}.Debug|Any CPU.Build.0 = Debug|Any CPU
		{42A3F56D-31E8-46F0-AE43-49B2EC12DFC7}.Release|Any CPU.ActiveCfg = Release|Any CPU
		{42A3F56D-31E8-46F0-AE43-49B2EC12DFC7}.Release|Any CPU.Build.0 = Release|Any CPU
	EndGlobalSection
	GlobalSection(SolutionProperties) = preSolution
		HideSolutionNode = FALSE
	EndGlobalSection
EndGlobal
