
Microsoft Visual Studio Solution File, Format Version 12.00
# Visual Studio 15
VisualStudioVersion = 15.0.26228.4
MinimumVisualStudioVersion = 10.0.40219.1
Project("{FAE04EC0-301F-11D3-BF4B-00C04F79EFBC}") = "Ch02_Basics", "Ch02_Basics\Ch02_Basics.csproj", "{85CE1E0A-26AE-4BDC-B5EE-0EA7F75C5714}"
EndProject
Project("{FAE04EC0-301F-11D3-BF4B-00C04F79EFBC}") = "Ch02_Numbers", "Ch02_Numbers\Ch02_Numbers.csproj", "{BD521932-6366-4F20-A165-836E2C00F4C2}"
EndProject
Project("{FAE04EC0-301F-11D3-BF4B-00C04F79EFBC}") = "Ch02_Variables", "Ch02_Variables\Ch02_Variables.csproj", "{B002C3CD-0E8F-4C97-B0CB-149A984B0428}"
EndProject
Project("{FAE04EC0-301F-11D3-BF4B-00C04F79EFBC}") = "Ch02_Arguments", "Ch02_Arguments\Ch02_Arguments.csproj", "{E11E49E2-03F9-4E6D-A325-58F6AE3AB53C}"
EndProject
Global
	GlobalSection(SolutionConfigurationPlatforms) = preSolution
		Debug|Any CPU = Debug|Any CPU
		Release|Any CPU = Release|Any CPU
	EndGlobalSection
	GlobalSection(ProjectConfigurationPlatforms) = postSolution
		{85CE1E0A-26AE-4BDC-B5EE-0EA7F75C5714}.Debug|Any CPU.ActiveCfg = Debug|Any CPU
		{85CE1E0A-26AE-4BDC-B5EE-0EA7F75C5714}.Debug|Any CPU.Build.0 = Debug|Any CPU
		{85CE1E0A-26AE-4BDC-B5EE-0EA7F75C5714}.Release|Any CPU.ActiveCfg = Release|Any CPU
		{85CE1E0A-26AE-4BDC-B5EE-0EA7F75C5714}.Release|Any CPU.Build.0 = Release|Any CPU
		{BD521932-6366-4F20-A165-836E2C00F4C2}.Debug|Any CPU.ActiveCfg = Debug|Any CPU
		{BD521932-6366-4F20-A165-836E2C00F4C2}.Debug|Any CPU.Build.0 = Debug|Any CPU
		{BD521932-6366-4F20-A165-836E2C00F4C2}.Release|Any CPU.ActiveCfg = Release|Any CPU
		{BD521932-6366-4F20-A165-836E2C00F4C2}.Release|Any CPU.Build.0 = Release|Any CPU
		{B002C3CD-0E8F-4C97-B0CB-149A984B0428}.Debug|Any CPU.ActiveCfg = Debug|Any CPU
		{B002C3CD-0E8F-4C97-B0CB-149A984B0428}.Debug|Any CPU.Build.0 = Debug|Any CPU
		{B002C3CD-0E8F-4C97-B0CB-149A984B0428}.Release|Any CPU.ActiveCfg = Release|Any CPU
		{B002C3CD-0E8F-4C97-B0CB-149A984B0428}.Release|Any CPU.Build.0 = Release|Any CPU
		{E11E49E2-03F9-4E6D-A325-58F6AE3AB53C}.Debug|Any CPU.ActiveCfg = Debug|Any CPU
		{E11E49E2-03F9-4E6D-A325-58F6AE3AB53C}.Debug|Any CPU.Build.0 = Debug|Any CPU
		{E11E49E2-03F9-4E6D-A325-58F6AE3AB53C}.Release|Any CPU.ActiveCfg = Release|Any CPU
		{E11E49E2-03F9-4E6D-A325-58F6AE3AB53C}.Release|Any CPU.Build.0 = Release|Any CPU
	EndGlobalSection
	GlobalSection(SolutionProperties) = preSolution
		HideSolutionNode = FALSE
	EndGlobalSection
EndGlobal
